
Microsoft Visual Studio Solution File, Format Version 12.00
# Visual Studio Version 16
VisualStudioVersion = 16.0.30225.117
MinimumVisualStudioVersion = 10.0.40219.1
Project("{151D2E53-A2C4-4D7D-83FE-D05416EBD58E}") = "ExampleAppDeploy", "ExampleAppDeploy\ExampleAppDeploy.deployproj", "{4F8A574F-0ED3-4797-AC2E-2F54D4ABA941}"
EndProject
Global
	GlobalSection(SolutionConfigurationPlatforms) = preSolution
		Debug|Any CPU = Debug|Any CPU
		Release|Any CPU = Release|Any CPU
	EndGlobalSection
	GlobalSection(ProjectConfigurationPlatforms) = postSolution
		{4F8A574F-0ED3-4797-AC2E-2F54D4ABA941}.Debug|Any CPU.ActiveCfg = Debug|Any CPU
		{4F8A574F-0ED3-4797-AC2E-2F54D4ABA941}.Debug|Any CPU.Build.0 = Debug|Any CPU
		{4F8A574F-0ED3-4797-AC2E-2F54D4ABA941}.Release|Any CPU.ActiveCfg = Release|Any CPU
		{4F8A574F-0ED3-4797-AC2E-2F54D4ABA941}.Release|Any CPU.Build.0 = Release|Any CPU
	EndGlobalSection
	GlobalSection(SolutionProperties) = preSolution
		HideSolutionNode = FALSE
	EndGlobalSection
	GlobalSection(ExtensibilityGlobals) = postSolution
		SolutionGuid = {5F05500F-3381-4842-8BCA-617793A8AC4D}
	EndGlobalSection
EndGlobal
